# This file is autogenerated, do not edit; changes may be undone by the next 'dep ensure'.


[[projects]]
  digest = "1:4da37fa360aed43f6d22503b03decdcca8e03d76f58f7b74e732718eae137f25"
  name = "github.com/Sirupsen/logrus"
  packages = ["."]
  pruneopts = "UT"
  revision = "5b60b3d3ee017ed00bcd0225fcca7acab767844b"

[[projects]]
  digest = "1:5bb36304653e73c2ced864d49c9f344e7141a7ceef852442edcea212094ebc3c"
  name = "github.com/beorn7/perks"
  packages = ["quantile"]
  pruneopts = "UT"
  revision = "4c0e84591b9aa9e6dcfdf3e020114cd81f89d5f9"

[[projects]]
  digest = "1:e9684f376cdd9a3b44b0a0cb8c626ce5e907a5541fad0c50e1e6d5f8999609ae"
  name = "github.com/golang/protobuf"
  packages = ["proto"]
  pruneopts = "UT"
  revision = "18c9bb3261723cd5401db4d0c9fbc5c3b6c70fe8"

[[projects]]
  digest = "1:ff5ebae34cfbf047d505ee150de27e60570e8c394b3b8fdbb720ff6ac71985fc"
  name = "github.com/matttproud/golang_protobuf_extensions"
  packages = ["pbutil"]
  pruneopts = "UT"
  revision = "c12348ce28de40eed0136aa2b644d0ee0650e56c"
  version = "v1.0.1"

[[projects]]
  digest = "1:0599213459e7ef9398ab20b26722ebeaeed4d9d85255005ddf0a5c47f8c02670"
  name = "github.com/pkg/errors"
  packages = ["."]
  pruneopts = "UT"
  revision = "c605e284fe17294bda444b34710735b29d1a9d90"

[[projects]]
  digest = "1:b6221ec0f8903b556e127c449e7106b63e6867170c2d10a7c058623d086f2081"
  name = "github.com/prometheus/client_golang"
  packages = ["prometheus"]
  pruneopts = "UT"
  revision = "c5b7fccd204277076155f10851dad72b76a49317"
  version = "v0.8.0"

[[projects]]
  digest = "1:32d10bdfa8f09ecf13598324dba86ab891f11db3c538b6a34d1c3b5b99d7c36b"
  name = "github.com/prometheus/client_model"
  packages = ["go"]
  pruneopts = "UT"
  revision = "6f3806018612930941127f2a7c6c453ba2c527d2"

[[projects]]
  digest = "1:70541fbb2c8909914c782fda252fe25e1953af49d7f6d9c2f5b01820a05fdf12"
  name = "github.com/prometheus/common"
  packages = [
    "expfmt",
    "internal/bitbucket.org/ww/goautoneg",
    "log",
    "model",
  ]
  pruneopts = "UT"
  revision = "13ba4ddd0caa9c28ca7b7bffe1dfa9ed8d5ef207"

[[projects]]
  digest = "1:1a270db5d78a10064fd9c1f3bbb46eb15d256ab9bbe6c4864a38d22edabb3a24"
  name = "github.com/prometheus/procfs"
  packages = [
    ".",
    "xfs",
  ]
  pruneopts = "UT"
  revision = "d098ca18df8bc825079013daf7bacefbb1ee877e"

[[projects]]
  branch = "master"
  digest = "1:6d096c04caafd558fd8aaae07bf349235a0c455c652cd524c2e0a4e95e536cdd"
  name = "github.com/yawning/bulb"
  packages = [
    ".",
    "utils",
    "utils/pkcs1",
  ]
  pruneopts = "UT"
  revision = "85d80d893c3d4a478b8c0abbc43f0ea13e1ce4f9"

[[projects]]
  digest = "1:10dcad6afb59d3cd45f86ff86bf8b9cd2d48afda56bb9a101f9e9663e703d1fb"
  name = "golang.org/x/net"
  packages = ["proxy"]
  pruneopts = "UT"
  revision = "feeb485667d1fdabe727840fe00adc22431bc86e"

[[projects]]
  digest = "1:e133b7bbdaf6c5fc004422c7c296e7d21cad884c8f9add1829ef0caa26793e3d"
  name = "golang.org/x/sys"
  packages = [
    "unix",
    "windows",
    "windows/registry",
    "windows/svc/eventlog",
  ]
  pruneopts = "UT"
  revision = "9ccfe848b9db8435a24c424abbc07a921adf1df5"

[solve-meta]
  analyzer-name = "dep"
  analyzer-version = 1
  input-imports = [
    "github.com/pkg/errors",
    "github.com/prometheus/client_golang/prometheus",
    "github.com/prometheus/common/log",
    "github.com/yawning/bulb",
  ]
  solver-name = "gps-cdcl"
  solver-version = 1
